
Microsoft Visual Studio Solution File, Format Version 12.00
# Visual Studio 15
VisualStudioVersion = 15.0.28307.1267
MinimumVisualStudioVersion = 10.0.40219.1
Project("{FAE04EC0-301F-11D3-BF4B-00C04F79EFBC}") = "DSA", "DSA\DSA.csproj", "{859770A8-D453-4E21-AB64-463E19085E68}"
EndProject
Project("{2150E333-8FDC-42A3-9474-1A3956D46DE8}") = "StringCP", "StringCP", "{C56750AD-2D5D-41E2-A6D4-94C5187052E8}"
EndProject
Project("{FAE04EC0-301F-11D3-BF4B-00C04F79EFBC}") = "01_Vowels", "01_Vowels\01_Vowels.csproj", "{E0241170-27D2-4695-8B80-90FB7640D65A}"
EndProject
Project("{FAE04EC0-301F-11D3-BF4B-00C04F79EFBC}") = "Jewelsandstones", "Jewelsandstones\Jewelsandstones.csproj", "{C5DAD6E6-7675-480D-AB24-FBC12230F147}"
EndProject
Project("{FAE04EC0-301F-11D3-BF4B-00C04F79EFBC}") = "ShuffleString", "ShuffleString\ShuffleString.csproj", "{D599CC73-C057-4511-92AF-20561BDC6835}"
EndProject
Project("{FAE04EC0-301F-11D3-BF4B-00C04F79EFBC}") = "SingleRowKeyBoard", "SingleRowKeyBoard\SingleRowKeyBoard.csproj", "{AD2ECC18-6274-47DA-8817-ECE31E062EAA}"
EndProject
Project("{FAE04EC0-301F-11D3-BF4B-00C04F79EFBC}") = "StrictlyIncreasingArray", "StrictlyIncreasingArray\StrictlyIncreasingArray.csproj", "{54AAFE1F-7F8B-4D6F-B159-9F1FD184ACF7}"
EndProject
Project("{FAE04EC0-301F-11D3-BF4B-00C04F79EFBC}") = "LList", "LList\LList.csproj", "{754181F9-A56B-4A33-A220-56F94EBFE5B1}"
EndProject
Project("{2150E333-8FDC-42A3-9474-1A3956D46DE8}") = "Arrays", "Arrays", "{A90272AA-303E-4BF1-B813-3B6DDA123680}"
EndProject
Project("{FAE04EC0-301F-11D3-BF4B-00C04F79EFBC}") = "DynamicArray", "DynamicArray\DynamicArray.csproj", "{0CF2FF80-6EE8-4AFA-87B9-DA2BC232C6B4}"
EndProject
Project("{FAE04EC0-301F-11D3-BF4B-00C04F79EFBC}") = "Reversecharacters", "Reversecharacters\Reversecharacters.csproj", "{686C464E-E0BC-4A5A-9EF9-4A477B3D71E3}"
EndProject
Project("{2150E333-8FDC-42A3-9474-1A3956D46DE8}") = "Stacks", "Stacks", "{76986902-F421-45C3-BA4E-39933DC3F4C2}"
EndProject
Project("{FAE04EC0-301F-11D3-BF4B-00C04F79EFBC}") = "MyStack", "MyStack\MyStack.csproj", "{4580809A-A25D-4A04-990C-8648FA937393}"
EndProject
Project("{2150E333-8FDC-42A3-9474-1A3956D46DE8}") = "Queues", "Queues", "{C940E483-8355-4595-B711-3A4AE8A44ABF}"
EndProject
Project("{FAE04EC0-301F-11D3-BF4B-00C04F79EFBC}") = "QueueImplementation", "QueueImplementation\QueueImplementation.csproj", "{548A96F4-2EEE-45C9-A397-CD6446FC4E72}"
EndProject
Project("{FAE04EC0-301F-11D3-BF4B-00C04F79EFBC}") = "BracketsProblem", "BracketsProblem\BracketsProblem.csproj", "{CF50F979-4086-42D9-A59A-DD8E9D69C9C4}"
EndProject
Project("{FAE04EC0-301F-11D3-BF4B-00C04F79EFBC}") = "BracketProblem2", "BracketProblem2\BracketProblem2.csproj", "{1F9E40E9-317E-4892-BC13-D25B1F05C87D}"
EndProject
Project("{2150E333-8FDC-42A3-9474-1A3956D46DE8}") = "PriorityQueue", "PriorityQueue", "{D7A5C93C-826F-4CDF-856C-E64BF6B50FD3}"
EndProject
Project("{FAE04EC0-301F-11D3-BF4B-00C04F79EFBC}") = "MyPriorityQueue", "MyPriorityQueue\MyPriorityQueue.csproj", "{233DB663-5503-4E13-AD1F-93933CA44E11}"
EndProject
Project("{FAE04EC0-301F-11D3-BF4B-00C04F79EFBC}") = "GoalParser", "GoalParser\GoalParser.csproj", "{046E32AE-8E0E-48A0-B198-530DD0738003}"
EndProject
Project("{FAE04EC0-301F-11D3-BF4B-00C04F79EFBC}") = "URLQuestions", "URLQuestions\URLQuestions.csproj", "{3B27B0D3-658C-4DA8-8E7F-4105544C3124}"
EndProject
Project("{FAE04EC0-301F-11D3-BF4B-00C04F79EFBC}") = "ReversingString", "ReversingString\ReversingString.csproj", "{05DA854C-779C-41A2-8488-F71D6548B179}"
EndProject
Project("{2150E333-8FDC-42A3-9474-1A3956D46DE8}") = "UnionFind", "UnionFind", "{EB520AAB-F61F-423B-83FC-C8B03E2AB27A}"
EndProject
Project("{FAE04EC0-301F-11D3-BF4B-00C04F79EFBC}") = "UnionFind", "UnionFind\UnionFind.csproj", "{BA929884-D367-4B88-A9AC-6E6FEE530834}"
EndProject
Project("{FAE04EC0-301F-11D3-BF4B-00C04F79EFBC}") = "MedianofTwoSortedArrays", "MedianofTwoSortedArrays\MedianofTwoSortedArrays.csproj", "{06B2A404-45AD-4F33-AD16-D7CAFC84CA14}"
EndProject
Project("{FAE04EC0-301F-11D3-BF4B-00C04F79EFBC}") = "ReverseInteger", "ReverseInteger\ReverseInteger.csproj", "{ED07A56B-92D4-434B-BABC-AE39D9BA5A4D}"
EndProject
Project("{FAE04EC0-301F-11D3-BF4B-00C04F79EFBC}") = "LinkedListCustom", "LinkedListCustom\LinkedListCustom.csproj", "{9D1E7EB6-5164-4032-A2D0-4451B0958E5C}"
EndProject
Project("{FAE04EC0-301F-11D3-BF4B-00C04F79EFBC}") = "BinarySearch", "BinarySearch\BinarySearch.csproj", "{9F39EDF2-D7EC-4C7F-A2EF-8A2CDC527FE0}"
EndProject
Project("{2150E333-8FDC-42A3-9474-1A3956D46DE8}") = "Algorithms", "Algorithms", "{D19C8B8A-83E6-4A86-B855-E1F7AFDE2692}"
EndProject
Project("{2150E333-8FDC-42A3-9474-1A3956D46DE8}") = "SortingAlgorithms", "SortingAlgorithms", "{0D958894-23FA-4BE2-9D82-0C9252A36038}"
EndProject
Project("{FAE04EC0-301F-11D3-BF4B-00C04F79EFBC}") = "BubbleSort", "BubbleSort\BubbleSort.csproj", "{A3A48637-F299-4E89-8AA2-1EEA4AB6BFDA}"
EndProject
Project("{FAE04EC0-301F-11D3-BF4B-00C04F79EFBC}") = "InsertionSort", "InsertionSort\InsertionSort.csproj", "{4A52FBB6-2D62-47C0-B1EE-A499E11F2EC3}"
EndProject
Project("{FAE04EC0-301F-11D3-BF4B-00C04F79EFBC}") = "SelectionSort", "SelectionSort\SelectionSort.csproj", "{225C7C9B-EEBB-4571-AF0A-B687711A74E4}"
EndProject
Project("{FAE04EC0-301F-11D3-BF4B-00C04F79EFBC}") = "AllSortingAlgo", "AllSortingAlgo\AllSortingAlgo.csproj", "{DCC72041-493C-4459-BB56-2AF19C237129}"
EndProject
Project("{2150E333-8FDC-42A3-9474-1A3956D46DE8}") = "LinkedList", "LinkedList", "{6D36C4F9-54A1-40FA-840F-8B7C3AB9F016}"
EndProject
Project("{2150E333-8FDC-42A3-9474-1A3956D46DE8}") = "LeetCodeProblems", "LeetCodeProblems", "{2FDD4765-BFA1-458B-938F-F6B9437C2EEE}"
EndProject
Project("{FAE04EC0-301F-11D3-BF4B-00C04F79EFBC}") = "ContainerWithMostWater", "ContainerWithMostWater\ContainerWithMostWater.csproj", "{30F0E2C8-EF8A-49E3-AF58-FE3D1E18B627}"
EndProject
Project("{FAE04EC0-301F-11D3-BF4B-00C04F79EFBC}") = "FindSmallestElementInRotatedArray", "FindSmallestElementInRotatedArray\FindSmallestElementInRotatedArray.csproj", "{3BE3C781-765A-4002-A5F2-6A5219C89AE4}"
EndProject
Project("{2150E333-8FDC-42A3-9474-1A3956D46DE8}") = "BasicMathProblems", "BasicMathProblems", "{4472CA45-DD2B-43B4-ABDE-A39F143DF0CE}"
EndProject
Project("{2150E333-8FDC-42A3-9474-1A3956D46DE8}") = "Area", "Area", "{D80FB23D-584F-4622-84B8-B7E66AC6F00B}"
EndProject
Project("{FAE04EC0-301F-11D3-BF4B-00C04F79EFBC}") = "ArrayNesting", "ArrayNesting\ArrayNesting.csproj", "{F9C78BCD-EB50-438E-A901-BCE7284718A3}"
EndProject
Project("{FAE04EC0-301F-11D3-BF4B-00C04F79EFBC}") = "DoublyLinkedList", "DoublyLinkedList\DoublyLinkedList.csproj", "{6927EA17-E447-4550-88FD-9C5AC1D55CB0}"
EndProject
Project("{FAE04EC0-301F-11D3-BF4B-00C04F79EFBC}") = "CircularLinkedList", "CircularLinkedList\CircularLinkedList.csproj", "{EE4A4394-7E81-440C-A839-FFDEC99E32CB}"
EndProject
Project("{2150E333-8FDC-42A3-9474-1A3956D46DE8}") = "DS- Set 1", "DS- Set 1", "{AB20FA28-F13C-4D39-93BD-17CFD274C371}"
EndProject
Project("{FAE04EC0-301F-11D3-BF4B-00C04F79EFBC}") = "FindDuplicates", "FindDuplicates\FindDuplicates.csproj", "{BAC3EF60-08A9-4298-9F0E-440702A5E4DA}"
EndProject
Global
	GlobalSection(SolutionConfigurationPlatforms) = preSolution
		Code Contracts|Any CPU = Code Contracts|Any CPU
		Debug|Any CPU = Debug|Any CPU
		No Analysis|Any CPU = No Analysis|Any CPU
		Release|Any CPU = Release|Any CPU
	EndGlobalSection
	GlobalSection(ProjectConfigurationPlatforms) = postSolution
		{859770A8-D453-4E21-AB64-463E19085E68}.Code Contracts|Any CPU.ActiveCfg = Release|Any CPU
		{859770A8-D453-4E21-AB64-463E19085E68}.Code Contracts|Any CPU.Build.0 = Release|Any CPU
		{859770A8-D453-4E21-AB64-463E19085E68}.Debug|Any CPU.ActiveCfg = Debug|Any CPU
		{859770A8-D453-4E21-AB64-463E19085E68}.Debug|Any CPU.Build.0 = Debug|Any CPU
		{859770A8-D453-4E21-AB64-463E19085E68}.No Analysis|Any CPU.ActiveCfg = Release|Any CPU
		{859770A8-D453-4E21-AB64-463E19085E68}.No Analysis|Any CPU.Build.0 = Release|Any CPU
		{859770A8-D453-4E21-AB64-463E19085E68}.Release|Any CPU.ActiveCfg = Release|Any CPU
		{859770A8-D453-4E21-AB64-463E19085E68}.Release|Any CPU.Build.0 = Release|Any CPU
		{E0241170-27D2-4695-8B80-90FB7640D65A}.Code Contracts|Any CPU.ActiveCfg = Release|Any CPU
		{E0241170-27D2-4695-8B80-90FB7640D65A}.Code Contracts|Any CPU.Build.0 = Release|Any CPU
		{E0241170-27D2-4695-8B80-90FB7640D65A}.Debug|Any CPU.ActiveCfg = Debug|Any CPU
		{E0241170-27D2-4695-8B80-90FB7640D65A}.Debug|Any CPU.Build.0 = Debug|Any CPU
		{E0241170-27D2-4695-8B80-90FB7640D65A}.No Analysis|Any CPU.ActiveCfg = Release|Any CPU
		{E0241170-27D2-4695-8B80-90FB7640D65A}.No Analysis|Any CPU.Build.0 = Release|Any CPU
		{E0241170-27D2-4695-8B80-90FB7640D65A}.Release|Any CPU.ActiveCfg = Release|Any CPU
		{E0241170-27D2-4695-8B80-90FB7640D65A}.Release|Any CPU.Build.0 = Release|Any CPU
		{C5DAD6E6-7675-480D-AB24-FBC12230F147}.Code Contracts|Any CPU.ActiveCfg = Release|Any CPU
		{C5DAD6E6-7675-480D-AB24-FBC12230F147}.Code Contracts|Any CPU.Build.0 = Release|Any CPU
		{C5DAD6E6-7675-480D-AB24-FBC12230F147}.Debug|Any CPU.ActiveCfg = Debug|Any CPU
		{C5DAD6E6-7675-480D-AB24-FBC12230F147}.Debug|Any CPU.Build.0 = Debug|Any CPU
		{C5DAD6E6-7675-480D-AB24-FBC12230F147}.No Analysis|Any CPU.ActiveCfg = Release|Any CPU
		{C5DAD6E6-7675-480D-AB24-FBC12230F147}.No Analysis|Any CPU.Build.0 = Release|Any CPU
		{C5DAD6E6-7675-480D-AB24-FBC12230F147}.Release|Any CPU.ActiveCfg = Release|Any CPU
		{C5DAD6E6-7675-480D-AB24-FBC12230F147}.Release|Any CPU.Build.0 = Release|Any CPU
		{D599CC73-C057-4511-92AF-20561BDC6835}.Code Contracts|Any CPU.ActiveCfg = Release|Any CPU
		{D599CC73-C057-4511-92AF-20561BDC6835}.Code Contracts|Any CPU.Build.0 = Release|Any CPU
		{D599CC73-C057-4511-92AF-20561BDC6835}.Debug|Any CPU.ActiveCfg = Debug|Any CPU
		{D599CC73-C057-4511-92AF-20561BDC6835}.Debug|Any CPU.Build.0 = Debug|Any CPU
		{D599CC73-C057-4511-92AF-20561BDC6835}.No Analysis|Any CPU.ActiveCfg = Release|Any CPU
		{D599CC73-C057-4511-92AF-20561BDC6835}.No Analysis|Any CPU.Build.0 = Release|Any CPU
		{D599CC73-C057-4511-92AF-20561BDC6835}.Release|Any CPU.ActiveCfg = Release|Any CPU
		{D599CC73-C057-4511-92AF-20561BDC6835}.Release|Any CPU.Build.0 = Release|Any CPU
		{AD2ECC18-6274-47DA-8817-ECE31E062EAA}.Code Contracts|Any CPU.ActiveCfg = Release|Any CPU
		{AD2ECC18-6274-47DA-8817-ECE31E062EAA}.Code Contracts|Any CPU.Build.0 = Release|Any CPU
		{AD2ECC18-6274-47DA-8817-ECE31E062EAA}.Debug|Any CPU.ActiveCfg = Debug|Any CPU
		{AD2ECC18-6274-47DA-8817-ECE31E062EAA}.Debug|Any CPU.Build.0 = Debug|Any CPU
		{AD2ECC18-6274-47DA-8817-ECE31E062EAA}.No Analysis|Any CPU.ActiveCfg = Release|Any CPU
		{AD2ECC18-6274-47DA-8817-ECE31E062EAA}.No Analysis|Any CPU.Build.0 = Release|Any CPU
		{AD2ECC18-6274-47DA-8817-ECE31E062EAA}.Release|Any CPU.ActiveCfg = Release|Any CPU
		{AD2ECC18-6274-47DA-8817-ECE31E062EAA}.Release|Any CPU.Build.0 = Release|Any CPU
		{54AAFE1F-7F8B-4D6F-B159-9F1FD184ACF7}.Code Contracts|Any CPU.ActiveCfg = Release|Any CPU
		{54AAFE1F-7F8B-4D6F-B159-9F1FD184ACF7}.Code Contracts|Any CPU.Build.0 = Release|Any CPU
		{54AAFE1F-7F8B-4D6F-B159-9F1FD184ACF7}.Debug|Any CPU.ActiveCfg = Debug|Any CPU
		{54AAFE1F-7F8B-4D6F-B159-9F1FD184ACF7}.Debug|Any CPU.Build.0 = Debug|Any CPU
		{54AAFE1F-7F8B-4D6F-B159-9F1FD184ACF7}.No Analysis|Any CPU.ActiveCfg = Release|Any CPU
		{54AAFE1F-7F8B-4D6F-B159-9F1FD184ACF7}.No Analysis|Any CPU.Build.0 = Release|Any CPU
		{54AAFE1F-7F8B-4D6F-B159-9F1FD184ACF7}.Release|Any CPU.ActiveCfg = Release|Any CPU
		{54AAFE1F-7F8B-4D6F-B159-9F1FD184ACF7}.Release|Any CPU.Build.0 = Release|Any CPU
		{754181F9-A56B-4A33-A220-56F94EBFE5B1}.Code Contracts|Any CPU.ActiveCfg = Release|Any CPU
		{754181F9-A56B-4A33-A220-56F94EBFE5B1}.Code Contracts|Any CPU.Build.0 = Release|Any CPU
		{754181F9-A56B-4A33-A220-56F94EBFE5B1}.Debug|Any CPU.ActiveCfg = Debug|Any CPU
		{754181F9-A56B-4A33-A220-56F94EBFE5B1}.Debug|Any CPU.Build.0 = Debug|Any CPU
		{754181F9-A56B-4A33-A220-56F94EBFE5B1}.No Analysis|Any CPU.ActiveCfg = Release|Any CPU
		{754181F9-A56B-4A33-A220-56F94EBFE5B1}.No Analysis|Any CPU.Build.0 = Release|Any CPU
		{754181F9-A56B-4A33-A220-56F94EBFE5B1}.Release|Any CPU.ActiveCfg = Release|Any CPU
		{754181F9-A56B-4A33-A220-56F94EBFE5B1}.Release|Any CPU.Build.0 = Release|Any CPU
		{0CF2FF80-6EE8-4AFA-87B9-DA2BC232C6B4}.Code Contracts|Any CPU.ActiveCfg = Release|Any CPU
		{0CF2FF80-6EE8-4AFA-87B9-DA2BC232C6B4}.Code Contracts|Any CPU.Build.0 = Release|Any CPU
		{0CF2FF80-6EE8-4AFA-87B9-DA2BC232C6B4}.Debug|Any CPU.ActiveCfg = Debug|Any CPU
		{0CF2FF80-6EE8-4AFA-87B9-DA2BC232C6B4}.Debug|Any CPU.Build.0 = Debug|Any CPU
		{0CF2FF80-6EE8-4AFA-87B9-DA2BC232C6B4}.No Analysis|Any CPU.ActiveCfg = Release|Any CPU
		{0CF2FF80-6EE8-4AFA-87B9-DA2BC232C6B4}.No Analysis|Any CPU.Build.0 = Release|Any CPU
		{0CF2FF80-6EE8-4AFA-87B9-DA2BC232C6B4}.Release|Any CPU.ActiveCfg = Release|Any CPU
		{0CF2FF80-6EE8-4AFA-87B9-DA2BC232C6B4}.Release|Any CPU.Build.0 = Release|Any CPU
		{686C464E-E0BC-4A5A-9EF9-4A477B3D71E3}.Code Contracts|Any CPU.ActiveCfg = Release|Any CPU
		{686C464E-E0BC-4A5A-9EF9-4A477B3D71E3}.Code Contracts|Any CPU.Build.0 = Release|Any CPU
		{686C464E-E0BC-4A5A-9EF9-4A477B3D71E3}.Debug|Any CPU.ActiveCfg = Debug|Any CPU
		{686C464E-E0BC-4A5A-9EF9-4A477B3D71E3}.Debug|Any CPU.Build.0 = Debug|Any CPU
		{686C464E-E0BC-4A5A-9EF9-4A477B3D71E3}.No Analysis|Any CPU.ActiveCfg = Release|Any CPU
		{686C464E-E0BC-4A5A-9EF9-4A477B3D71E3}.No Analysis|Any CPU.Build.0 = Release|Any CPU
		{686C464E-E0BC-4A5A-9EF9-4A477B3D71E3}.Release|Any CPU.ActiveCfg = Release|Any CPU
		{686C464E-E0BC-4A5A-9EF9-4A477B3D71E3}.Release|Any CPU.Build.0 = Release|Any CPU
		{4580809A-A25D-4A04-990C-8648FA937393}.Code Contracts|Any CPU.ActiveCfg = Release|Any CPU
		{4580809A-A25D-4A04-990C-8648FA937393}.Code Contracts|Any CPU.Build.0 = Release|Any CPU
		{4580809A-A25D-4A04-990C-8648FA937393}.Debug|Any CPU.ActiveCfg = Debug|Any CPU
		{4580809A-A25D-4A04-990C-8648FA937393}.Debug|Any CPU.Build.0 = Debug|Any CPU
		{4580809A-A25D-4A04-990C-8648FA937393}.No Analysis|Any CPU.ActiveCfg = Release|Any CPU
		{4580809A-A25D-4A04-990C-8648FA937393}.No Analysis|Any CPU.Build.0 = Release|Any CPU
		{4580809A-A25D-4A04-990C-8648FA937393}.Release|Any CPU.ActiveCfg = Release|Any CPU
		{4580809A-A25D-4A04-990C-8648FA937393}.Release|Any CPU.Build.0 = Release|Any CPU
		{548A96F4-2EEE-45C9-A397-CD6446FC4E72}.Code Contracts|Any CPU.ActiveCfg = Release|Any CPU
		{548A96F4-2EEE-45C9-A397-CD6446FC4E72}.Code Contracts|Any CPU.Build.0 = Release|Any CPU
		{548A96F4-2EEE-45C9-A397-CD6446FC4E72}.Debug|Any CPU.ActiveCfg = Debug|Any CPU
		{548A96F4-2EEE-45C9-A397-CD6446FC4E72}.Debug|Any CPU.Build.0 = Debug|Any CPU
		{548A96F4-2EEE-45C9-A397-CD6446FC4E72}.No Analysis|Any CPU.ActiveCfg = Release|Any CPU
		{548A96F4-2EEE-45C9-A397-CD6446FC4E72}.No Analysis|Any CPU.Build.0 = Release|Any CPU
		{548A96F4-2EEE-45C9-A397-CD6446FC4E72}.Release|Any CPU.ActiveCfg = Release|Any CPU
		{548A96F4-2EEE-45C9-A397-CD6446FC4E72}.Release|Any CPU.Build.0 = Release|Any CPU
		{CF50F979-4086-42D9-A59A-DD8E9D69C9C4}.Code Contracts|Any CPU.ActiveCfg = Release|Any CPU
		{CF50F979-4086-42D9-A59A-DD8E9D69C9C4}.Code Contracts|Any CPU.Build.0 = Release|Any CPU
		{CF50F979-4086-42D9-A59A-DD8E9D69C9C4}.Debug|Any CPU.ActiveCfg = Debug|Any CPU
		{CF50F979-4086-42D9-A59A-DD8E9D69C9C4}.Debug|Any CPU.Build.0 = Debug|Any CPU
		{CF50F979-4086-42D9-A59A-DD8E9D69C9C4}.No Analysis|Any CPU.ActiveCfg = Release|Any CPU
		{CF50F979-4086-42D9-A59A-DD8E9D69C9C4}.No Analysis|Any CPU.Build.0 = Release|Any CPU
		{CF50F979-4086-42D9-A59A-DD8E9D69C9C4}.Release|Any CPU.ActiveCfg = Release|Any CPU
		{CF50F979-4086-42D9-A59A-DD8E9D69C9C4}.Release|Any CPU.Build.0 = Release|Any CPU
		{1F9E40E9-317E-4892-BC13-D25B1F05C87D}.Code Contracts|Any CPU.ActiveCfg = Release|Any CPU
		{1F9E40E9-317E-4892-BC13-D25B1F05C87D}.Code Contracts|Any CPU.Build.0 = Release|Any CPU
		{1F9E40E9-317E-4892-BC13-D25B1F05C87D}.Debug|Any CPU.ActiveCfg = Debug|Any CPU
		{1F9E40E9-317E-4892-BC13-D25B1F05C87D}.Debug|Any CPU.Build.0 = Debug|Any CPU
		{1F9E40E9-317E-4892-BC13-D25B1F05C87D}.No Analysis|Any CPU.ActiveCfg = Release|Any CPU
		{1F9E40E9-317E-4892-BC13-D25B1F05C87D}.No Analysis|Any CPU.Build.0 = Release|Any CPU
		{1F9E40E9-317E-4892-BC13-D25B1F05C87D}.Release|Any CPU.ActiveCfg = Release|Any CPU
		{1F9E40E9-317E-4892-BC13-D25B1F05C87D}.Release|Any CPU.Build.0 = Release|Any CPU
		{233DB663-5503-4E13-AD1F-93933CA44E11}.Code Contracts|Any CPU.ActiveCfg = Release|Any CPU
		{233DB663-5503-4E13-AD1F-93933CA44E11}.Code Contracts|Any CPU.Build.0 = Release|Any CPU
		{233DB663-5503-4E13-AD1F-93933CA44E11}.Debug|Any CPU.ActiveCfg = Debug|Any CPU
		{233DB663-5503-4E13-AD1F-93933CA44E11}.Debug|Any CPU.Build.0 = Debug|Any CPU
		{233DB663-5503-4E13-AD1F-93933CA44E11}.No Analysis|Any CPU.ActiveCfg = Release|Any CPU
		{233DB663-5503-4E13-AD1F-93933CA44E11}.No Analysis|Any CPU.Build.0 = Release|Any CPU
		{233DB663-5503-4E13-AD1F-93933CA44E11}.Release|Any CPU.ActiveCfg = Release|Any CPU
		{233DB663-5503-4E13-AD1F-93933CA44E11}.Release|Any CPU.Build.0 = Release|Any CPU
		{046E32AE-8E0E-48A0-B198-530DD0738003}.Code Contracts|Any CPU.ActiveCfg = Release|Any CPU
		{046E32AE-8E0E-48A0-B198-530DD0738003}.Code Contracts|Any CPU.Build.0 = Release|Any CPU
		{046E32AE-8E0E-48A0-B198-530DD0738003}.Debug|Any CPU.ActiveCfg = Debug|Any CPU
		{046E32AE-8E0E-48A0-B198-530DD0738003}.Debug|Any CPU.Build.0 = Debug|Any CPU
		{046E32AE-8E0E-48A0-B198-530DD0738003}.No Analysis|Any CPU.ActiveCfg = Release|Any CPU
		{046E32AE-8E0E-48A0-B198-530DD0738003}.No Analysis|Any CPU.Build.0 = Release|Any CPU
		{046E32AE-8E0E-48A0-B198-530DD0738003}.Release|Any CPU.ActiveCfg = Release|Any CPU
		{046E32AE-8E0E-48A0-B198-530DD0738003}.Release|Any CPU.Build.0 = Release|Any CPU
		{3B27B0D3-658C-4DA8-8E7F-4105544C3124}.Code Contracts|Any CPU.ActiveCfg = Release|Any CPU
		{3B27B0D3-658C-4DA8-8E7F-4105544C3124}.Code Contracts|Any CPU.Build.0 = Release|Any CPU
		{3B27B0D3-658C-4DA8-8E7F-4105544C3124}.Debug|Any CPU.ActiveCfg = Debug|Any CPU
		{3B27B0D3-658C-4DA8-8E7F-4105544C3124}.Debug|Any CPU.Build.0 = Debug|Any CPU
		{3B27B0D3-658C-4DA8-8E7F-4105544C3124}.No Analysis|Any CPU.ActiveCfg = Release|Any CPU
		{3B27B0D3-658C-4DA8-8E7F-4105544C3124}.No Analysis|Any CPU.Build.0 = Release|Any CPU
		{3B27B0D3-658C-4DA8-8E7F-4105544C3124}.Release|Any CPU.ActiveCfg = Release|Any CPU
		{3B27B0D3-658C-4DA8-8E7F-4105544C3124}.Release|Any CPU.Build.0 = Release|Any CPU
		{05DA854C-779C-41A2-8488-F71D6548B179}.Code Contracts|Any CPU.ActiveCfg = Release|Any CPU
		{05DA854C-779C-41A2-8488-F71D6548B179}.Code Contracts|Any CPU.Build.0 = Release|Any CPU
		{05DA854C-779C-41A2-8488-F71D6548B179}.Debug|Any CPU.ActiveCfg = Debug|Any CPU
		{05DA854C-779C-41A2-8488-F71D6548B179}.Debug|Any CPU.Build.0 = Debug|Any CPU
		{05DA854C-779C-41A2-8488-F71D6548B179}.No Analysis|Any CPU.ActiveCfg = Release|Any CPU
		{05DA854C-779C-41A2-8488-F71D6548B179}.No Analysis|Any CPU.Build.0 = Release|Any CPU
		{05DA854C-779C-41A2-8488-F71D6548B179}.Release|Any CPU.ActiveCfg = Release|Any CPU
		{05DA854C-779C-41A2-8488-F71D6548B179}.Release|Any CPU.Build.0 = Release|Any CPU
		{BA929884-D367-4B88-A9AC-6E6FEE530834}.Code Contracts|Any CPU.ActiveCfg = Release|Any CPU
		{BA929884-D367-4B88-A9AC-6E6FEE530834}.Code Contracts|Any CPU.Build.0 = Release|Any CPU
		{BA929884-D367-4B88-A9AC-6E6FEE530834}.Debug|Any CPU.ActiveCfg = Debug|Any CPU
		{BA929884-D367-4B88-A9AC-6E6FEE530834}.Debug|Any CPU.Build.0 = Debug|Any CPU
		{BA929884-D367-4B88-A9AC-6E6FEE530834}.No Analysis|Any CPU.ActiveCfg = Release|Any CPU
		{BA929884-D367-4B88-A9AC-6E6FEE530834}.No Analysis|Any CPU.Build.0 = Release|Any CPU
		{BA929884-D367-4B88-A9AC-6E6FEE530834}.Release|Any CPU.ActiveCfg = Release|Any CPU
		{BA929884-D367-4B88-A9AC-6E6FEE530834}.Release|Any CPU.Build.0 = Release|Any CPU
		{06B2A404-45AD-4F33-AD16-D7CAFC84CA14}.Code Contracts|Any CPU.ActiveCfg = Release|Any CPU
		{06B2A404-45AD-4F33-AD16-D7CAFC84CA14}.Code Contracts|Any CPU.Build.0 = Release|Any CPU
		{06B2A404-45AD-4F33-AD16-D7CAFC84CA14}.Debug|Any CPU.ActiveCfg = Debug|Any CPU
		{06B2A404-45AD-4F33-AD16-D7CAFC84CA14}.Debug|Any CPU.Build.0 = Debug|Any CPU
		{06B2A404-45AD-4F33-AD16-D7CAFC84CA14}.No Analysis|Any CPU.ActiveCfg = Release|Any CPU
		{06B2A404-45AD-4F33-AD16-D7CAFC84CA14}.No Analysis|Any CPU.Build.0 = Release|Any CPU
		{06B2A404-45AD-4F33-AD16-D7CAFC84CA14}.Release|Any CPU.ActiveCfg = Release|Any CPU
		{06B2A404-45AD-4F33-AD16-D7CAFC84CA14}.Release|Any CPU.Build.0 = Release|Any CPU
		{ED07A56B-92D4-434B-BABC-AE39D9BA5A4D}.Code Contracts|Any CPU.ActiveCfg = Release|Any CPU
		{ED07A56B-92D4-434B-BABC-AE39D9BA5A4D}.Code Contracts|Any CPU.Build.0 = Release|Any CPU
		{ED07A56B-92D4-434B-BABC-AE39D9BA5A4D}.Debug|Any CPU.ActiveCfg = Debug|Any CPU
		{ED07A56B-92D4-434B-BABC-AE39D9BA5A4D}.Debug|Any CPU.Build.0 = Debug|Any CPU
		{ED07A56B-92D4-434B-BABC-AE39D9BA5A4D}.No Analysis|Any CPU.ActiveCfg = Release|Any CPU
		{ED07A56B-92D4-434B-BABC-AE39D9BA5A4D}.No Analysis|Any CPU.Build.0 = Release|Any CPU
		{ED07A56B-92D4-434B-BABC-AE39D9BA5A4D}.Release|Any CPU.ActiveCfg = Release|Any CPU
		{ED07A56B-92D4-434B-BABC-AE39D9BA5A4D}.Release|Any CPU.Build.0 = Release|Any CPU
		{9D1E7EB6-5164-4032-A2D0-4451B0958E5C}.Code Contracts|Any CPU.ActiveCfg = Release|Any CPU
		{9D1E7EB6-5164-4032-A2D0-4451B0958E5C}.Code Contracts|Any CPU.Build.0 = Release|Any CPU
		{9D1E7EB6-5164-4032-A2D0-4451B0958E5C}.Debug|Any CPU.ActiveCfg = Debug|Any CPU
		{9D1E7EB6-5164-4032-A2D0-4451B0958E5C}.Debug|Any CPU.Build.0 = Debug|Any CPU
		{9D1E7EB6-5164-4032-A2D0-4451B0958E5C}.No Analysis|Any CPU.ActiveCfg = Release|Any CPU
		{9D1E7EB6-5164-4032-A2D0-4451B0958E5C}.No Analysis|Any CPU.Build.0 = Release|Any CPU
		{9D1E7EB6-5164-4032-A2D0-4451B0958E5C}.Release|Any CPU.ActiveCfg = Release|Any CPU
		{9D1E7EB6-5164-4032-A2D0-4451B0958E5C}.Release|Any CPU.Build.0 = Release|Any CPU
		{9F39EDF2-D7EC-4C7F-A2EF-8A2CDC527FE0}.Code Contracts|Any CPU.ActiveCfg = Release|Any CPU
		{9F39EDF2-D7EC-4C7F-A2EF-8A2CDC527FE0}.Code Contracts|Any CPU.Build.0 = Release|Any CPU
		{9F39EDF2-D7EC-4C7F-A2EF-8A2CDC527FE0}.Debug|Any CPU.ActiveCfg = Debug|Any CPU
		{9F39EDF2-D7EC-4C7F-A2EF-8A2CDC527FE0}.Debug|Any CPU.Build.0 = Debug|Any CPU
		{9F39EDF2-D7EC-4C7F-A2EF-8A2CDC527FE0}.No Analysis|Any CPU.ActiveCfg = Release|Any CPU
		{9F39EDF2-D7EC-4C7F-A2EF-8A2CDC527FE0}.No Analysis|Any CPU.Build.0 = Release|Any CPU
		{9F39EDF2-D7EC-4C7F-A2EF-8A2CDC527FE0}.Release|Any CPU.ActiveCfg = Release|Any CPU
		{9F39EDF2-D7EC-4C7F-A2EF-8A2CDC527FE0}.Release|Any CPU.Build.0 = Release|Any CPU
		{A3A48637-F299-4E89-8AA2-1EEA4AB6BFDA}.Code Contracts|Any CPU.ActiveCfg = Release|Any CPU
		{A3A48637-F299-4E89-8AA2-1EEA4AB6BFDA}.Code Contracts|Any CPU.Build.0 = Release|Any CPU
		{A3A48637-F299-4E89-8AA2-1EEA4AB6BFDA}.Debug|Any CPU.ActiveCfg = Debug|Any CPU
		{A3A48637-F299-4E89-8AA2-1EEA4AB6BFDA}.Debug|Any CPU.Build.0 = Debug|Any CPU
		{A3A48637-F299-4E89-8AA2-1EEA4AB6BFDA}.No Analysis|Any CPU.ActiveCfg = Release|Any CPU
		{A3A48637-F299-4E89-8AA2-1EEA4AB6BFDA}.No Analysis|Any CPU.Build.0 = Release|Any CPU
		{A3A48637-F299-4E89-8AA2-1EEA4AB6BFDA}.Release|Any CPU.ActiveCfg = Release|Any CPU
		{A3A48637-F299-4E89-8AA2-1EEA4AB6BFDA}.Release|Any CPU.Build.0 = Release|Any CPU
		{4A52FBB6-2D62-47C0-B1EE-A499E11F2EC3}.Code Contracts|Any CPU.ActiveCfg = Release|Any CPU
		{4A52FBB6-2D62-47C0-B1EE-A499E11F2EC3}.Code Contracts|Any CPU.Build.0 = Release|Any CPU
		{4A52FBB6-2D62-47C0-B1EE-A499E11F2EC3}.Debug|Any CPU.ActiveCfg = Debug|Any CPU
		{4A52FBB6-2D62-47C0-B1EE-A499E11F2EC3}.Debug|Any CPU.Build.0 = Debug|Any CPU
		{4A52FBB6-2D62-47C0-B1EE-A499E11F2EC3}.No Analysis|Any CPU.ActiveCfg = Release|Any CPU
		{4A52FBB6-2D62-47C0-B1EE-A499E11F2EC3}.No Analysis|Any CPU.Build.0 = Release|Any CPU
		{4A52FBB6-2D62-47C0-B1EE-A499E11F2EC3}.Release|Any CPU.ActiveCfg = Release|Any CPU
		{4A52FBB6-2D62-47C0-B1EE-A499E11F2EC3}.Release|Any CPU.Build.0 = Release|Any CPU
		{225C7C9B-EEBB-4571-AF0A-B687711A74E4}.Code Contracts|Any CPU.ActiveCfg = Release|Any CPU
		{225C7C9B-EEBB-4571-AF0A-B687711A74E4}.Code Contracts|Any CPU.Build.0 = Release|Any CPU
		{225C7C9B-EEBB-4571-AF0A-B687711A74E4}.Debug|Any CPU.ActiveCfg = Debug|Any CPU
		{225C7C9B-EEBB-4571-AF0A-B687711A74E4}.Debug|Any CPU.Build.0 = Debug|Any CPU
		{225C7C9B-EEBB-4571-AF0A-B687711A74E4}.No Analysis|Any CPU.ActiveCfg = Release|Any CPU
		{225C7C9B-EEBB-4571-AF0A-B687711A74E4}.No Analysis|Any CPU.Build.0 = Release|Any CPU
		{225C7C9B-EEBB-4571-AF0A-B687711A74E4}.Release|Any CPU.ActiveCfg = Release|Any CPU
		{225C7C9B-EEBB-4571-AF0A-B687711A74E4}.Release|Any CPU.Build.0 = Release|Any CPU
		{DCC72041-493C-4459-BB56-2AF19C237129}.Code Contracts|Any CPU.ActiveCfg = Release|Any CPU
		{DCC72041-493C-4459-BB56-2AF19C237129}.Code Contracts|Any CPU.Build.0 = Release|Any CPU
		{DCC72041-493C-4459-BB56-2AF19C237129}.Debug|Any CPU.ActiveCfg = Debug|Any CPU
		{DCC72041-493C-4459-BB56-2AF19C237129}.Debug|Any CPU.Build.0 = Debug|Any CPU
		{DCC72041-493C-4459-BB56-2AF19C237129}.No Analysis|Any CPU.ActiveCfg = Release|Any CPU
		{DCC72041-493C-4459-BB56-2AF19C237129}.No Analysis|Any CPU.Build.0 = Release|Any CPU
		{DCC72041-493C-4459-BB56-2AF19C237129}.Release|Any CPU.ActiveCfg = Release|Any CPU
		{DCC72041-493C-4459-BB56-2AF19C237129}.Release|Any CPU.Build.0 = Release|Any CPU
		{30F0E2C8-EF8A-49E3-AF58-FE3D1E18B627}.Code Contracts|Any CPU.ActiveCfg = Release|Any CPU
		{30F0E2C8-EF8A-49E3-AF58-FE3D1E18B627}.Code Contracts|Any CPU.Build.0 = Release|Any CPU
		{30F0E2C8-EF8A-49E3-AF58-FE3D1E18B627}.Debug|Any CPU.ActiveCfg = Debug|Any CPU
		{30F0E2C8-EF8A-49E3-AF58-FE3D1E18B627}.Debug|Any CPU.Build.0 = Debug|Any CPU
		{30F0E2C8-EF8A-49E3-AF58-FE3D1E18B627}.No Analysis|Any CPU.ActiveCfg = Release|Any CPU
		{30F0E2C8-EF8A-49E3-AF58-FE3D1E18B627}.No Analysis|Any CPU.Build.0 = Release|Any CPU
		{30F0E2C8-EF8A-49E3-AF58-FE3D1E18B627}.Release|Any CPU.ActiveCfg = Release|Any CPU
		{30F0E2C8-EF8A-49E3-AF58-FE3D1E18B627}.Release|Any CPU.Build.0 = Release|Any CPU
		{3BE3C781-765A-4002-A5F2-6A5219C89AE4}.Code Contracts|Any CPU.ActiveCfg = Release|Any CPU
		{3BE3C781-765A-4002-A5F2-6A5219C89AE4}.Code Contracts|Any CPU.Build.0 = Release|Any CPU
		{3BE3C781-765A-4002-A5F2-6A5219C89AE4}.Debug|Any CPU.ActiveCfg = Debug|Any CPU
		{3BE3C781-765A-4002-A5F2-6A5219C89AE4}.Debug|Any CPU.Build.0 = Debug|Any CPU
		{3BE3C781-765A-4002-A5F2-6A5219C89AE4}.No Analysis|Any CPU.ActiveCfg = Release|Any CPU
		{3BE3C781-765A-4002-A5F2-6A5219C89AE4}.No Analysis|Any CPU.Build.0 = Release|Any CPU
		{3BE3C781-765A-4002-A5F2-6A5219C89AE4}.Release|Any CPU.ActiveCfg = Release|Any CPU
		{3BE3C781-765A-4002-A5F2-6A5219C89AE4}.Release|Any CPU.Build.0 = Release|Any CPU
		{F9C78BCD-EB50-438E-A901-BCE7284718A3}.Code Contracts|Any CPU.ActiveCfg = Release|Any CPU
		{F9C78BCD-EB50-438E-A901-BCE7284718A3}.Code Contracts|Any CPU.Build.0 = Release|Any CPU
		{F9C78BCD-EB50-438E-A901-BCE7284718A3}.Debug|Any CPU.ActiveCfg = Debug|Any CPU
		{F9C78BCD-EB50-438E-A901-BCE7284718A3}.Debug|Any CPU.Build.0 = Debug|Any CPU
		{F9C78BCD-EB50-438E-A901-BCE7284718A3}.No Analysis|Any CPU.ActiveCfg = Release|Any CPU
		{F9C78BCD-EB50-438E-A901-BCE7284718A3}.No Analysis|Any CPU.Build.0 = Release|Any CPU
		{F9C78BCD-EB50-438E-A901-BCE7284718A3}.Release|Any CPU.ActiveCfg = Release|Any CPU
		{F9C78BCD-EB50-438E-A901-BCE7284718A3}.Release|Any CPU.Build.0 = Release|Any CPU
		{6927EA17-E447-4550-88FD-9C5AC1D55CB0}.Code Contracts|Any CPU.ActiveCfg = Release|Any CPU
		{6927EA17-E447-4550-88FD-9C5AC1D55CB0}.Code Contracts|Any CPU.Build.0 = Release|Any CPU
		{6927EA17-E447-4550-88FD-9C5AC1D55CB0}.Debug|Any CPU.ActiveCfg = Debug|Any CPU
		{6927EA17-E447-4550-88FD-9C5AC1D55CB0}.Debug|Any CPU.Build.0 = Debug|Any CPU
		{6927EA17-E447-4550-88FD-9C5AC1D55CB0}.No Analysis|Any CPU.ActiveCfg = Release|Any CPU
		{6927EA17-E447-4550-88FD-9C5AC1D55CB0}.No Analysis|Any CPU.Build.0 = Release|Any CPU
		{6927EA17-E447-4550-88FD-9C5AC1D55CB0}.Release|Any CPU.ActiveCfg = Release|Any CPU
		{6927EA17-E447-4550-88FD-9C5AC1D55CB0}.Release|Any CPU.Build.0 = Release|Any CPU
		{EE4A4394-7E81-440C-A839-FFDEC99E32CB}.Code Contracts|Any CPU.ActiveCfg = Code Contracts|Any CPU
		{EE4A4394-7E81-440C-A839-FFDEC99E32CB}.Code Contracts|Any CPU.Build.0 = Code Contracts|Any CPU
		{EE4A4394-7E81-440C-A839-FFDEC99E32CB}.Debug|Any CPU.ActiveCfg = Debug|Any CPU
		{EE4A4394-7E81-440C-A839-FFDEC99E32CB}.Debug|Any CPU.Build.0 = Debug|Any CPU
		{EE4A4394-7E81-440C-A839-FFDEC99E32CB}.No Analysis|Any CPU.ActiveCfg = No Analysis|Any CPU
		{EE4A4394-7E81-440C-A839-FFDEC99E32CB}.No Analysis|Any CPU.Build.0 = No Analysis|Any CPU
		{EE4A4394-7E81-440C-A839-FFDEC99E32CB}.Release|Any CPU.ActiveCfg = Release|Any CPU
		{EE4A4394-7E81-440C-A839-FFDEC99E32CB}.Release|Any CPU.Build.0 = Release|Any CPU
		{BAC3EF60-08A9-4298-9F0E-440702A5E4DA}.Code Contracts|Any CPU.ActiveCfg = Release|Any CPU
		{BAC3EF60-08A9-4298-9F0E-440702A5E4DA}.Code Contracts|Any CPU.Build.0 = Release|Any CPU
		{BAC3EF60-08A9-4298-9F0E-440702A5E4DA}.Debug|Any CPU.ActiveCfg = Debug|Any CPU
		{BAC3EF60-08A9-4298-9F0E-440702A5E4DA}.Debug|Any CPU.Build.0 = Debug|Any CPU
		{BAC3EF60-08A9-4298-9F0E-440702A5E4DA}.No Analysis|Any CPU.ActiveCfg = Release|Any CPU
		{BAC3EF60-08A9-4298-9F0E-440702A5E4DA}.No Analysis|Any CPU.Build.0 = Release|Any CPU
		{BAC3EF60-08A9-4298-9F0E-440702A5E4DA}.Release|Any CPU.ActiveCfg = Release|Any CPU
		{BAC3EF60-08A9-4298-9F0E-440702A5E4DA}.Release|Any CPU.Build.0 = Release|Any CPU
	EndGlobalSection
	GlobalSection(SolutionProperties) = preSolution
		HideSolutionNode = FALSE
	EndGlobalSection
	GlobalSection(NestedProjects) = preSolution
		{E0241170-27D2-4695-8B80-90FB7640D65A} = {C56750AD-2D5D-41E2-A6D4-94C5187052E8}
		{C5DAD6E6-7675-480D-AB24-FBC12230F147} = {C56750AD-2D5D-41E2-A6D4-94C5187052E8}
		{D599CC73-C057-4511-92AF-20561BDC6835} = {C56750AD-2D5D-41E2-A6D4-94C5187052E8}
		{AD2ECC18-6274-47DA-8817-ECE31E062EAA} = {C56750AD-2D5D-41E2-A6D4-94C5187052E8}
		{54AAFE1F-7F8B-4D6F-B159-9F1FD184ACF7} = {C56750AD-2D5D-41E2-A6D4-94C5187052E8}
		{754181F9-A56B-4A33-A220-56F94EBFE5B1} = {C56750AD-2D5D-41E2-A6D4-94C5187052E8}
		{0CF2FF80-6EE8-4AFA-87B9-DA2BC232C6B4} = {A90272AA-303E-4BF1-B813-3B6DDA123680}
		{686C464E-E0BC-4A5A-9EF9-4A477B3D71E3} = {A90272AA-303E-4BF1-B813-3B6DDA123680}
		{4580809A-A25D-4A04-990C-8648FA937393} = {76986902-F421-45C3-BA4E-39933DC3F4C2}
		{548A96F4-2EEE-45C9-A397-CD6446FC4E72} = {C940E483-8355-4595-B711-3A4AE8A44ABF}
		{CF50F979-4086-42D9-A59A-DD8E9D69C9C4} = {A90272AA-303E-4BF1-B813-3B6DDA123680}
		{1F9E40E9-317E-4892-BC13-D25B1F05C87D} = {A90272AA-303E-4BF1-B813-3B6DDA123680}
		{233DB663-5503-4E13-AD1F-93933CA44E11} = {D7A5C93C-826F-4CDF-856C-E64BF6B50FD3}
		{046E32AE-8E0E-48A0-B198-530DD0738003} = {C56750AD-2D5D-41E2-A6D4-94C5187052E8}
		{3B27B0D3-658C-4DA8-8E7F-4105544C3124} = {C56750AD-2D5D-41E2-A6D4-94C5187052E8}
		{05DA854C-779C-41A2-8488-F71D6548B179} = {C56750AD-2D5D-41E2-A6D4-94C5187052E8}
		{BA929884-D367-4B88-A9AC-6E6FEE530834} = {EB520AAB-F61F-423B-83FC-C8B03E2AB27A}
		{06B2A404-45AD-4F33-AD16-D7CAFC84CA14} = {A90272AA-303E-4BF1-B813-3B6DDA123680}
		{ED07A56B-92D4-434B-BABC-AE39D9BA5A4D} = {A90272AA-303E-4BF1-B813-3B6DDA123680}
		{9D1E7EB6-5164-4032-A2D0-4451B0958E5C} = {6D36C4F9-54A1-40FA-840F-8B7C3AB9F016}
		{0D958894-23FA-4BE2-9D82-0C9252A36038} = {D19C8B8A-83E6-4A86-B855-E1F7AFDE2692}
		{A3A48637-F299-4E89-8AA2-1EEA4AB6BFDA} = {0D958894-23FA-4BE2-9D82-0C9252A36038}
		{4A52FBB6-2D62-47C0-B1EE-A499E11F2EC3} = {0D958894-23FA-4BE2-9D82-0C9252A36038}
		{225C7C9B-EEBB-4571-AF0A-B687711A74E4} = {0D958894-23FA-4BE2-9D82-0C9252A36038}
		{DCC72041-493C-4459-BB56-2AF19C237129} = {0D958894-23FA-4BE2-9D82-0C9252A36038}
		{30F0E2C8-EF8A-49E3-AF58-FE3D1E18B627} = {2FDD4765-BFA1-458B-938F-F6B9437C2EEE}
		{3BE3C781-765A-4002-A5F2-6A5219C89AE4} = {2FDD4765-BFA1-458B-938F-F6B9437C2EEE}
		{D80FB23D-584F-4622-84B8-B7E66AC6F00B} = {4472CA45-DD2B-43B4-ABDE-A39F143DF0CE}
		{F9C78BCD-EB50-438E-A901-BCE7284718A3} = {A90272AA-303E-4BF1-B813-3B6DDA123680}
		{6927EA17-E447-4550-88FD-9C5AC1D55CB0} = {6D36C4F9-54A1-40FA-840F-8B7C3AB9F016}
		{EE4A4394-7E81-440C-A839-FFDEC99E32CB} = {6D36C4F9-54A1-40FA-840F-8B7C3AB9F016}
		{AB20FA28-F13C-4D39-93BD-17CFD274C371} = {2FDD4765-BFA1-458B-938F-F6B9437C2EEE}
		{BAC3EF60-08A9-4298-9F0E-440702A5E4DA} = {AB20FA28-F13C-4D39-93BD-17CFD274C371}
	EndGlobalSection
	GlobalSection(ExtensibilityGlobals) = postSolution
		SolutionGuid = {8820734B-32D5-419B-9985-856E0AD701B8}
	EndGlobalSection
EndGlobal
